
Microsoft Visual Studio Solution File, Format Version 12.00
# Visual Studio 15
VisualStudioVersion = 15.0.28307.902
MinimumVisualStudioVersion = 10.0.40219.1
Project("{FAE04EC0-301F-11D3-BF4B-00C04F79EFBC}") = "Infonet.CStoreCommander.UI", "Infonet.CStoreCommander.UI\Infonet.CStoreCommander.UI.csproj", "{04498998-0E57-4999-AA4A-94BFC462B895}"
EndProject
Project("{FAE04EC0-301F-11D3-BF4B-00C04F79EFBC}") = "Infonet.CStoreCommander.DataAccessLayer", "Infonet.CStoreCommander.DataAccessLayer\Infonet.CStoreCommander.DataAccessLayer.csproj", "{3A7B4F2A-C0C9-4FBF-A47E-D8C4BF3D0613}"
EndProject
Project("{FAE04EC0-301F-11D3-BF4B-00C04F79EFBC}") = "Infonet.CStoreCommander.UI.UnitTest", "Infonet.CStoreCommander.UI.UnitTest\Infonet.CStoreCommander.UI.UnitTest.csproj", "{70AC6016-7D8C-44BB-B462-E8D0E171BFD9}"
EndProject
Project("{FAE04EC0-301F-11D3-BF4B-00C04F79EFBC}") = "Infonet.CStoreCommander.EntityLayer", "Infonet.CStoreCommander.EntityLayer\Infonet.CStoreCommander.EntityLayer.csproj", "{5E8CB32B-35B5-40BB-9A3E-BBC8484E8E5F}"
EndProject
Project("{FAE04EC0-301F-11D3-BF4B-00C04F79EFBC}") = "Infonet.CStoreCommander.ControlLib", "ControlLib\Infonet.CStoreCommander.ControlLib.csproj", "{664AFE3F-2CD3-4275-920D-0A322A028EAF}"
EndProject
Project("{FAE04EC0-301F-11D3-BF4B-00C04F79EFBC}") = "Infonet.CStoreCommander.Logger", "Infonet.CStoreCommander.Logging\Infonet.CStoreCommander.Logger.csproj", "{8FBBFB10-08D9-478E-8586-26DCFEB309DB}"
EndProject
Project("{FAE04EC0-301F-11D3-BF4B-00C04F79EFBC}") = "Infonet.CStoreCommander.BussinessLayer", "Infonet.CStoreCommander.BussinessLayer\Infonet.CStoreCommander.BussinessLayer.csproj", "{00811C43-FC50-4D65-8C3F-58D0CB8E2DA2}"
EndProject
Project("{FAE04EC0-301F-11D3-BF4B-00C04F79EFBC}") = "MyToolkit", "MyToolkit\MyToolkit.csproj", "{F01F49C0-5DA2-4757-B4E0-02EC7A187DED}"
EndProject
Project("{D954291E-2A0B-460D-934E-DC6B0785DB48}") = "MyToolkit.Extended", "MyToolkit.Extended\MyToolkit.Extended.shproj", "{625D4222-CE80-4703-AB84-D6B876ECAB16}"
EndProject
Project("{FAE04EC0-301F-11D3-BF4B-00C04F79EFBC}") = "MyToolkit.Extended.Uwp", "MyToolkit.Extended.Uwp\MyToolkit.Extended.Uwp.csproj", "{28CDF611-02D2-474C-AC37-616024CAF0C1}"
EndProject
Project("{FAE04EC0-301F-11D3-BF4B-00C04F79EFBC}") = "Infonet.CStoreCommander.Utils", "Infonet.CStoreCommander.Utils\Infonet.CStoreCommander.Utils.csproj", "{03351C0E-110F-4834-AEB6-887765B5E0B7}"
EndProject
Project("{2150E333-8FDC-42A3-9474-1A3956D46DE8}") = "Solution Items", "Solution Items", "{CEBBCBAC-3993-4C0A-8A12-0F9B2CD2500E}"
	ProjectSection(SolutionItems) = preProject
		Performance1.psess = Performance1.psess
		Performance2.psess = Performance2.psess
	EndProjectSection
EndProject
Project("{FAE04EC0-301F-11D3-BF4B-00C04F79EFBC}") = "PeripheralsComponent", "PeripheralsComponent\PeripheralsComponent.csproj", "{780C63D7-AB9B-4A6B-AA65-37A894B1A129}"
EndProject
Project("{8BC9CEB8-8B4A-11D0-8D11-00A0C91BC942}") = "PeripheralsProxyStub", "PeripheralsProxyStub\PeripheralsProxyStub.vcxproj", "{3F7CE1C1-8AC6-42AA-9E46-DC7DF9DF1579}"
EndProject
Project("{FAE04EC0-301F-11D3-BF4B-00C04F79EFBC}") = "Infonet.CStoreCommander.PeripheralLayer", "Infonet.CStoreCommander.PeripheralLayer\Infonet.CStoreCommander.PeripheralLayer.csproj", "{0481FE67-0E86-4134-AF63-0D5981CFD96E}"
EndProject
Project("{FAE04EC0-301F-11D3-BF4B-00C04F79EFBC}") = "Win32Printer", "Win32Printer\Win32Printer.csproj", "{BDFA0DF5-EC9F-4B5F-A6FF-6D34E81AE589}"
EndProject
Project("{C7167F0D-BC9F-4E6E-AFE1-012C56B48DB5}") = "Infonet.CStoreCommander.UI.Package", "Infonet.CStoreCommander.UI.Package\Infonet.CStoreCommander.UI.Package.wapproj", "{75D0BA66-7713-42EA-AF95-EA40027C32FD}"
EndProject
Global
	GlobalSection(SharedMSBuildProjectFiles) = preSolution
		MyToolkit.Extended\MyToolkit.Extended.projitems*{28cdf611-02d2-474c-ac37-616024caf0c1}*SharedItemsImports = 4
		MyToolkit.Extended\MyToolkit.Extended.projitems*{625d4222-ce80-4703-ab84-d6b876ecab16}*SharedItemsImports = 13
	EndGlobalSection
	GlobalSection(SolutionConfigurationPlatforms) = preSolution
		Debug|Any CPU = Debug|Any CPU
		Debug|ARM = Debug|ARM
		Debug|x64 = Debug|x64
		Debug|x86 = Debug|x86
		Release|Any CPU = Release|Any CPU
		Release|ARM = Release|ARM
		Release|x64 = Release|x64
		Release|x86 = Release|x86
	EndGlobalSection
	GlobalSection(ProjectConfigurationPlatforms) = postSolution
		{04498998-0E57-4999-AA4A-94BFC462B895}.Debug|Any CPU.ActiveCfg = Debug|x86
		{04498998-0E57-4999-AA4A-94BFC462B895}.Debug|Any CPU.Deploy.0 = Debug|x86
		{04498998-0E57-4999-AA4A-94BFC462B895}.Debug|ARM.ActiveCfg = Debug|ARM
		{04498998-0E57-4999-AA4A-94BFC462B895}.Debug|ARM.Build.0 = Debug|ARM
		{04498998-0E57-4999-AA4A-94BFC462B895}.Debug|ARM.Deploy.0 = Debug|ARM
		{04498998-0E57-4999-AA4A-94BFC462B895}.Debug|x64.ActiveCfg = Debug|x64
		{04498998-0E57-4999-AA4A-94BFC462B895}.Debug|x64.Build.0 = Debug|x64
		{04498998-0E57-4999-AA4A-94BFC462B895}.Debug|x64.Deploy.0 = Debug|x64
		{04498998-0E57-4999-AA4A-94BFC462B895}.Debug|x86.ActiveCfg = Debug|x86
		{04498998-0E57-4999-AA4A-94BFC462B895}.Debug|x86.Build.0 = Debug|x86
		{04498998-0E57-4999-AA4A-94BFC462B895}.Debug|x86.Deploy.0 = Debug|x86
		{04498998-0E57-4999-AA4A-94BFC462B895}.Release|Any CPU.ActiveCfg = Release|x86
		{04498998-0E57-4999-AA4A-94BFC462B895}.Release|Any CPU.Build.0 = Release|x86
		{04498998-0E57-4999-AA4A-94BFC462B895}.Release|ARM.ActiveCfg = Release|ARM
		{04498998-0E57-4999-AA4A-94BFC462B895}.Release|ARM.Build.0 = Release|ARM
		{04498998-0E57-4999-AA4A-94BFC462B895}.Release|ARM.Deploy.0 = Release|ARM
		{04498998-0E57-4999-AA4A-94BFC462B895}.Release|x64.ActiveCfg = Release|x64
		{04498998-0E57-4999-AA4A-94BFC462B895}.Release|x64.Build.0 = Release|x64
		{04498998-0E57-4999-AA4A-94BFC462B895}.Release|x64.Deploy.0 = Release|x64
		{04498998-0E57-4999-AA4A-94BFC462B895}.Release|x86.ActiveCfg = Release|x86
		{04498998-0E57-4999-AA4A-94BFC462B895}.Release|x86.Build.0 = Release|x86
		{04498998-0E57-4999-AA4A-94BFC462B895}.Release|x86.Deploy.0 = Release|x86
		{3A7B4F2A-C0C9-4FBF-A47E-D8C4BF3D0613}.Debug|Any CPU.ActiveCfg = Debug|Any CPU
		{3A7B4F2A-C0C9-4FBF-A47E-D8C4BF3D0613}.Debug|Any CPU.Build.0 = Debug|Any CPU
		{3A7B4F2A-C0C9-4FBF-A47E-D8C4BF3D0613}.Debug|ARM.ActiveCfg = Debug|ARM
		{3A7B4F2A-C0C9-4FBF-A47E-D8C4BF3D0613}.Debug|ARM.Build.0 = Debug|ARM
		{3A7B4F2A-C0C9-4FBF-A47E-D8C4BF3D0613}.Debug|x64.ActiveCfg = Debug|x64
		{3A7B4F2A-C0C9-4FBF-A47E-D8C4BF3D0613}.Debug|x64.Build.0 = Debug|x64
		{3A7B4F2A-C0C9-4FBF-A47E-D8C4BF3D0613}.Debug|x86.ActiveCfg = Debug|x86
		{3A7B4F2A-C0C9-4FBF-A47E-D8C4BF3D0613}.Debug|x86.Build.0 = Debug|x86
		{3A7B4F2A-C0C9-4FBF-A47E-D8C4BF3D0613}.Release|Any CPU.ActiveCfg = Release|Any CPU
		{3A7B4F2A-C0C9-4FBF-A47E-D8C4BF3D0613}.Release|Any CPU.Build.0 = Release|Any CPU
		{3A7B4F2A-C0C9-4FBF-A47E-D8C4BF3D0613}.Release|ARM.ActiveCfg = Release|ARM
		{3A7B4F2A-C0C9-4FBF-A47E-D8C4BF3D0613}.Release|ARM.Build.0 = Release|ARM
		{3A7B4F2A-C0C9-4FBF-A47E-D8C4BF3D0613}.Release|x64.ActiveCfg = Release|x64
		{3A7B4F2A-C0C9-4FBF-A47E-D8C4BF3D0613}.Release|x64.Build.0 = Release|x64
		{3A7B4F2A-C0C9-4FBF-A47E-D8C4BF3D0613}.Release|x86.ActiveCfg = Release|x86
		{3A7B4F2A-C0C9-4FBF-A47E-D8C4BF3D0613}.Release|x86.Build.0 = Release|x86
		{70AC6016-7D8C-44BB-B462-E8D0E171BFD9}.Debug|Any CPU.ActiveCfg = Debug|x86
		{70AC6016-7D8C-44BB-B462-E8D0E171BFD9}.Debug|ARM.ActiveCfg = Debug|ARM
		{70AC6016-7D8C-44BB-B462-E8D0E171BFD9}.Debug|ARM.Build.0 = Debug|ARM
		{70AC6016-7D8C-44BB-B462-E8D0E171BFD9}.Debug|ARM.Deploy.0 = Debug|ARM
		{70AC6016-7D8C-44BB-B462-E8D0E171BFD9}.Debug|x64.ActiveCfg = Debug|x64
		{70AC6016-7D8C-44BB-B462-E8D0E171BFD9}.Debug|x64.Build.0 = Debug|x64
		{70AC6016-7D8C-44BB-B462-E8D0E171BFD9}.Debug|x64.Deploy.0 = Debug|x64
		{70AC6016-7D8C-44BB-B462-E8D0E171BFD9}.Debug|x86.ActiveCfg = Debug|x86
		{70AC6016-7D8C-44BB-B462-E8D0E171BFD9}.Debug|x86.Build.0 = Debug|x86
		{70AC6016-7D8C-44BB-B462-E8D0E171BFD9}.Release|Any CPU.ActiveCfg = Release|x86
		{70AC6016-7D8C-44BB-B462-E8D0E171BFD9}.Release|ARM.ActiveCfg = Release|ARM
		{70AC6016-7D8C-44BB-B462-E8D0E171BFD9}.Release|ARM.Build.0 = Release|ARM
		{70AC6016-7D8C-44BB-B462-E8D0E171BFD9}.Release|ARM.Deploy.0 = Release|ARM
		{70AC6016-7D8C-44BB-B462-E8D0E171BFD9}.Release|x64.ActiveCfg = Release|x64
		{70AC6016-7D8C-44BB-B462-E8D0E171BFD9}.Release|x64.Build.0 = Release|x64
		{70AC6016-7D8C-44BB-B462-E8D0E171BFD9}.Release|x64.Deploy.0 = Release|x64
		{70AC6016-7D8C-44BB-B462-E8D0E171BFD9}.Release|x86.ActiveCfg = Release|x86
		{70AC6016-7D8C-44BB-B462-E8D0E171BFD9}.Release|x86.Build.0 = Release|x86
		{70AC6016-7D8C-44BB-B462-E8D0E171BFD9}.Release|x86.Deploy.0 = Release|x86
		{5E8CB32B-35B5-40BB-9A3E-BBC8484E8E5F}.Debug|Any CPU.ActiveCfg = Debug|Any CPU
		{5E8CB32B-35B5-40BB-9A3E-BBC8484E8E5F}.Debug|Any CPU.Build.0 = Debug|Any CPU
		{5E8CB32B-35B5-40BB-9A3E-BBC8484E8E5F}.Debug|ARM.ActiveCfg = Debug|ARM
		{5E8CB32B-35B5-40BB-9A3E-BBC8484E8E5F}.Debug|ARM.Build.0 = Debug|ARM
		{5E8CB32B-35B5-40BB-9A3E-BBC8484E8E5F}.Debug|x64.ActiveCfg = Debug|x64
		{5E8CB32B-35B5-40BB-9A3E-BBC8484E8E5F}.Debug|x64.Build.0 = Debug|x64
		{5E8CB32B-35B5-40BB-9A3E-BBC8484E8E5F}.Debug|x86.ActiveCfg = Debug|x86
		{5E8CB32B-35B5-40BB-9A3E-BBC8484E8E5F}.Debug|x86.Build.0 = Debug|x86
		{5E8CB32B-35B5-40BB-9A3E-BBC8484E8E5F}.Release|Any CPU.ActiveCfg = Release|Any CPU
		{5E8CB32B-35B5-40BB-9A3E-BBC8484E8E5F}.Release|Any CPU.Build.0 = Release|Any CPU
		{5E8CB32B-35B5-40BB-9A3E-BBC8484E8E5F}.Release|ARM.ActiveCfg = Release|ARM
		{5E8CB32B-35B5-40BB-9A3E-BBC8484E8E5F}.Release|ARM.Build.0 = Release|ARM
		{5E8CB32B-35B5-40BB-9A3E-BBC8484E8E5F}.Release|x64.ActiveCfg = Release|x64
		{5E8CB32B-35B5-40BB-9A3E-BBC8484E8E5F}.Release|x64.Build.0 = Release|x64
		{5E8CB32B-35B5-40BB-9A3E-BBC8484E8E5F}.Release|x86.ActiveCfg = Release|x86
		{5E8CB32B-35B5-40BB-9A3E-BBC8484E8E5F}.Release|x86.Build.0 = Release|x86
		{664AFE3F-2CD3-4275-920D-0A322A028EAF}.Debug|Any CPU.ActiveCfg = Debug|Any CPU
		{664AFE3F-2CD3-4275-920D-0A322A028EAF}.Debug|Any CPU.Build.0 = Debug|Any CPU
		{664AFE3F-2CD3-4275-920D-0A322A028EAF}.Debug|ARM.ActiveCfg = Debug|ARM
		{664AFE3F-2CD3-4275-920D-0A322A028EAF}.Debug|ARM.Build.0 = Debug|ARM
		{664AFE3F-2CD3-4275-920D-0A322A028EAF}.Debug|x64.ActiveCfg = Debug|x64
		{664AFE3F-2CD3-4275-920D-0A322A028EAF}.Debug|x64.Build.0 = Debug|x64
		{664AFE3F-2CD3-4275-920D-0A322A028EAF}.Debug|x86.ActiveCfg = Debug|x86
		{664AFE3F-2CD3-4275-920D-0A322A028EAF}.Debug|x86.Build.0 = Debug|x86
		{664AFE3F-2CD3-4275-920D-0A322A028EAF}.Release|Any CPU.ActiveCfg = Release|Any CPU
		{664AFE3F-2CD3-4275-920D-0A322A028EAF}.Release|Any CPU.Build.0 = Release|Any CPU
		{664AFE3F-2CD3-4275-920D-0A322A028EAF}.Release|ARM.ActiveCfg = Release|ARM
		{664AFE3F-2CD3-4275-920D-0A322A028EAF}.Release|ARM.Build.0 = Release|ARM
		{664AFE3F-2CD3-4275-920D-0A322A028EAF}.Release|x64.ActiveCfg = Release|x64
		{664AFE3F-2CD3-4275-920D-0A322A028EAF}.Release|x64.Build.0 = Release|x64
		{664AFE3F-2CD3-4275-920D-0A322A028EAF}.Release|x86.ActiveCfg = Release|x86
		{664AFE3F-2CD3-4275-920D-0A322A028EAF}.Release|x86.Build.0 = Release|x86
		{8FBBFB10-08D9-478E-8586-26DCFEB309DB}.Debug|Any CPU.ActiveCfg = Debug|Any CPU
		{8FBBFB10-08D9-478E-8586-26DCFEB309DB}.Debug|Any CPU.Build.0 = Debug|Any CPU
		{8FBBFB10-08D9-478E-8586-26DCFEB309DB}.Debug|ARM.ActiveCfg = Debug|ARM
		{8FBBFB10-08D9-478E-8586-26DCFEB309DB}.Debug|ARM.Build.0 = Debug|ARM
		{8FBBFB10-08D9-478E-8586-26DCFEB309DB}.Debug|x64.ActiveCfg = Debug|x64
		{8FBBFB10-08D9-478E-8586-26DCFEB309DB}.Debug|x64.Build.0 = Debug|x64
		{8FBBFB10-08D9-478E-8586-26DCFEB309DB}.Debug|x86.ActiveCfg = Debug|x86
		{8FBBFB10-08D9-478E-8586-26DCFEB309DB}.Debug|x86.Build.0 = Debug|x86
		{8FBBFB10-08D9-478E-8586-26DCFEB309DB}.Release|Any CPU.ActiveCfg = Release|Any CPU
		{8FBBFB10-08D9-478E-8586-26DCFEB309DB}.Release|Any CPU.Build.0 = Release|Any CPU
		{8FBBFB10-08D9-478E-8586-26DCFEB309DB}.Release|ARM.ActiveCfg = Release|ARM
		{8FBBFB10-08D9-478E-8586-26DCFEB309DB}.Release|ARM.Build.0 = Release|ARM
		{8FBBFB10-08D9-478E-8586-26DCFEB309DB}.Release|x64.ActiveCfg = Release|x64
		{8FBBFB10-08D9-478E-8586-26DCFEB309DB}.Release|x64.Build.0 = Release|x64
		{8FBBFB10-08D9-478E-8586-26DCFEB309DB}.Release|x86.ActiveCfg = Release|x86
		{8FBBFB10-08D9-478E-8586-26DCFEB309DB}.Release|x86.Build.0 = Release|x86
		{00811C43-FC50-4D65-8C3F-58D0CB8E2DA2}.Debug|Any CPU.ActiveCfg = Debug|Any CPU
		{00811C43-FC50-4D65-8C3F-58D0CB8E2DA2}.Debug|Any CPU.Build.0 = Debug|Any CPU
		{00811C43-FC50-4D65-8C3F-58D0CB8E2DA2}.Debug|ARM.ActiveCfg = Debug|ARM
		{00811C43-FC50-4D65-8C3F-58D0CB8E2DA2}.Debug|ARM.Build.0 = Debug|ARM
		{00811C43-FC50-4D65-8C3F-58D0CB8E2DA2}.Debug|x64.ActiveCfg = Debug|x64
		{00811C43-FC50-4D65-8C3F-58D0CB8E2DA2}.Debug|x64.Build.0 = Debug|x64
		{00811C43-FC50-4D65-8C3F-58D0CB8E2DA2}.Debug|x86.ActiveCfg = Debug|x86
		{00811C43-FC50-4D65-8C3F-58D0CB8E2DA2}.Debug|x86.Build.0 = Debug|x86
		{00811C43-FC50-4D65-8C3F-58D0CB8E2DA2}.Release|Any CPU.ActiveCfg = Release|Any CPU
		{00811C43-FC50-4D65-8C3F-58D0CB8E2DA2}.Release|Any CPU.Build.0 = Release|Any CPU
		{00811C43-FC50-4D65-8C3F-58D0CB8E2DA2}.Release|ARM.ActiveCfg = Release|ARM
		{00811C43-FC50-4D65-8C3F-58D0CB8E2DA2}.Release|ARM.Build.0 = Release|ARM
		{00811C43-FC50-4D65-8C3F-58D0CB8E2DA2}.Release|x64.ActiveCfg = Release|x64
		{00811C43-FC50-4D65-8C3F-58D0CB8E2DA2}.Release|x64.Build.0 = Release|x64
		{00811C43-FC50-4D65-8C3F-58D0CB8E2DA2}.Release|x86.ActiveCfg = Release|x86
		{00811C43-FC50-4D65-8C3F-58D0CB8E2DA2}.Release|x86.Build.0 = Release|x86
		{F01F49C0-5DA2-4757-B4E0-02EC7A187DED}.Debug|Any CPU.ActiveCfg = Debug|Any CPU
		{F01F49C0-5DA2-4757-B4E0-02EC7A187DED}.Debug|Any CPU.Build.0 = Debug|Any CPU
		{F01F49C0-5DA2-4757-B4E0-02EC7A187DED}.Debug|ARM.ActiveCfg = Debug|Any CPU
		{F01F49C0-5DA2-4757-B4E0-02EC7A187DED}.Debug|ARM.Build.0 = Debug|Any CPU
		{F01F49C0-5DA2-4757-B4E0-02EC7A187DED}.Debug|x64.ActiveCfg = Debug|Any CPU
		{F01F49C0-5DA2-4757-B4E0-02EC7A187DED}.Debug|x64.Build.0 = Debug|Any CPU
		{F01F49C0-5DA2-4757-B4E0-02EC7A187DED}.Debug|x86.ActiveCfg = Debug|Any CPU
		{F01F49C0-5DA2-4757-B4E0-02EC7A187DED}.Debug|x86.Build.0 = Debug|Any CPU
		{F01F49C0-5DA2-4757-B4E0-02EC7A187DED}.Release|Any CPU.ActiveCfg = Release|Any CPU
		{F01F49C0-5DA2-4757-B4E0-02EC7A187DED}.Release|Any CPU.Build.0 = Release|Any CPU
		{F01F49C0-5DA2-4757-B4E0-02EC7A187DED}.Release|ARM.ActiveCfg = Release|Any CPU
		{F01F49C0-5DA2-4757-B4E0-02EC7A187DED}.Release|ARM.Build.0 = Release|Any CPU
		{F01F49C0-5DA2-4757-B4E0-02EC7A187DED}.Release|x64.ActiveCfg = Release|Any CPU
		{F01F49C0-5DA2-4757-B4E0-02EC7A187DED}.Release|x64.Build.0 = Release|Any CPU
		{F01F49C0-5DA2-4757-B4E0-02EC7A187DED}.Release|x86.ActiveCfg = Release|Any CPU
		{F01F49C0-5DA2-4757-B4E0-02EC7A187DED}.Release|x86.Build.0 = Release|Any CPU
		{28CDF611-02D2-474C-AC37-616024CAF0C1}.Debug|Any CPU.ActiveCfg = Debug|Any CPU
		{28CDF611-02D2-474C-AC37-616024CAF0C1}.Debug|Any CPU.Build.0 = Debug|Any CPU
		{28CDF611-02D2-474C-AC37-616024CAF0C1}.Debug|ARM.ActiveCfg = Debug|ARM
		{28CDF611-02D2-474C-AC37-616024CAF0C1}.Debug|ARM.Build.0 = Debug|ARM
		{28CDF611-02D2-474C-AC37-616024CAF0C1}.Debug|x64.ActiveCfg = Debug|x64
		{28CDF611-02D2-474C-AC37-616024CAF0C1}.Debug|x64.Build.0 = Debug|x64
		{28CDF611-02D2-474C-AC37-616024CAF0C1}.Debug|x86.ActiveCfg = Debug|x86
		{28CDF611-02D2-474C-AC37-616024CAF0C1}.Debug|x86.Build.0 = Debug|x86
		{28CDF611-02D2-474C-AC37-616024CAF0C1}.Release|Any CPU.ActiveCfg = Release|Any CPU
		{28CDF611-02D2-474C-AC37-616024CAF0C1}.Release|Any CPU.Build.0 = Release|Any CPU
		{28CDF611-02D2-474C-AC37-616024CAF0C1}.Release|ARM.ActiveCfg = Release|ARM
		{28CDF611-02D2-474C-AC37-616024CAF0C1}.Release|ARM.Build.0 = Release|ARM
		{28CDF611-02D2-474C-AC37-616024CAF0C1}.Release|x64.ActiveCfg = Release|x64
		{28CDF611-02D2-474C-AC37-616024CAF0C1}.Release|x64.Build.0 = Release|x64
		{28CDF611-02D2-474C-AC37-616024CAF0C1}.Release|x86.ActiveCfg = Release|x86
		{28CDF611-02D2-474C-AC37-616024CAF0C1}.Release|x86.Build.0 = Release|x86
		{03351C0E-110F-4834-AEB6-887765B5E0B7}.Debug|Any CPU.ActiveCfg = Debug|Any CPU
		{03351C0E-110F-4834-AEB6-887765B5E0B7}.Debug|Any CPU.Build.0 = Debug|Any CPU
		{03351C0E-110F-4834-AEB6-887765B5E0B7}.Debug|ARM.ActiveCfg = Debug|ARM
		{03351C0E-110F-4834-AEB6-887765B5E0B7}.Debug|ARM.Build.0 = Debug|ARM
		{03351C0E-110F-4834-AEB6-887765B5E0B7}.Debug|x64.ActiveCfg = Debug|x64
		{03351C0E-110F-4834-AEB6-887765B5E0B7}.Debug|x64.Build.0 = Debug|x64
		{03351C0E-110F-4834-AEB6-887765B5E0B7}.Debug|x86.ActiveCfg = Debug|x86
		{03351C0E-110F-4834-AEB6-887765B5E0B7}.Debug|x86.Build.0 = Debug|x86
		{03351C0E-110F-4834-AEB6-887765B5E0B7}.Release|Any CPU.ActiveCfg = Release|Any CPU
		{03351C0E-110F-4834-AEB6-887765B5E0B7}.Release|Any CPU.Build.0 = Release|Any CPU
		{03351C0E-110F-4834-AEB6-887765B5E0B7}.Release|ARM.ActiveCfg = Release|ARM
		{03351C0E-110F-4834-AEB6-887765B5E0B7}.Release|ARM.Build.0 = Release|ARM
		{03351C0E-110F-4834-AEB6-887765B5E0B7}.Release|x64.ActiveCfg = Release|x64
		{03351C0E-110F-4834-AEB6-887765B5E0B7}.Release|x64.Build.0 = Release|x64
		{03351C0E-110F-4834-AEB6-887765B5E0B7}.Release|x86.ActiveCfg = Release|x86
		{03351C0E-110F-4834-AEB6-887765B5E0B7}.Release|x86.Build.0 = Release|x86
		{780C63D7-AB9B-4A6B-AA65-37A894B1A129}.Debug|Any CPU.ActiveCfg = Debug|x86
		{780C63D7-AB9B-4A6B-AA65-37A894B1A129}.Debug|ARM.ActiveCfg = Debug|x86
		{780C63D7-AB9B-4A6B-AA65-37A894B1A129}.Debug|x64.ActiveCfg = Debug|x86
		{780C63D7-AB9B-4A6B-AA65-37A894B1A129}.Debug|x86.ActiveCfg = Debug|x86
		{780C63D7-AB9B-4A6B-AA65-37A894B1A129}.Debug|x86.Build.0 = Debug|x86
		{780C63D7-AB9B-4A6B-AA65-37A894B1A129}.Release|Any CPU.ActiveCfg = Release|x86
		{780C63D7-AB9B-4A6B-AA65-37A894B1A129}.Release|ARM.ActiveCfg = Release|x86
		{780C63D7-AB9B-4A6B-AA65-37A894B1A129}.Release|x64.ActiveCfg = Release|x86
		{780C63D7-AB9B-4A6B-AA65-37A894B1A129}.Release|x86.ActiveCfg = Release|x86
		{780C63D7-AB9B-4A6B-AA65-37A894B1A129}.Release|x86.Build.0 = Release|x86
		{3F7CE1C1-8AC6-42AA-9E46-DC7DF9DF1579}.Debug|Any CPU.ActiveCfg = Debug|Win32
		{3F7CE1C1-8AC6-42AA-9E46-DC7DF9DF1579}.Debug|ARM.ActiveCfg = Debug|Win32
		{3F7CE1C1-8AC6-42AA-9E46-DC7DF9DF1579}.Debug|x64.ActiveCfg = Debug|Win32
		{3F7CE1C1-8AC6-42AA-9E46-DC7DF9DF1579}.Debug|x86.ActiveCfg = Debug|Win32
		{3F7CE1C1-8AC6-42AA-9E46-DC7DF9DF1579}.Debug|x86.Build.0 = Debug|Win32
		{3F7CE1C1-8AC6-42AA-9E46-DC7DF9DF1579}.Release|Any CPU.ActiveCfg = Release|Win32
		{3F7CE1C1-8AC6-42AA-9E46-DC7DF9DF1579}.Release|ARM.ActiveCfg = Release|Win32
		{3F7CE1C1-8AC6-42AA-9E46-DC7DF9DF1579}.Release|x64.ActiveCfg = Release|Win32
		{3F7CE1C1-8AC6-42AA-9E46-DC7DF9DF1579}.Release|x86.ActiveCfg = Release|Win32
		{3F7CE1C1-8AC6-42AA-9E46-DC7DF9DF1579}.Release|x86.Build.0 = Release|Win32
		{0481FE67-0E86-4134-AF63-0D5981CFD96E}.Debug|Any CPU.ActiveCfg = Debug|Any CPU
		{0481FE67-0E86-4134-AF63-0D5981CFD96E}.Debug|Any CPU.Build.0 = Debug|Any CPU
		{0481FE67-0E86-4134-AF63-0D5981CFD96E}.Debug|ARM.ActiveCfg = Debug|ARM
		{0481FE67-0E86-4134-AF63-0D5981CFD96E}.Debug|ARM.Build.0 = Debug|ARM
		{0481FE67-0E86-4134-AF63-0D5981CFD96E}.Debug|x64.ActiveCfg = Debug|x64
		{0481FE67-0E86-4134-AF63-0D5981CFD96E}.Debug|x64.Build.0 = Debug|x64
		{0481FE67-0E86-4134-AF63-0D5981CFD96E}.Debug|x86.ActiveCfg = Debug|x86
		{0481FE67-0E86-4134-AF63-0D5981CFD96E}.Debug|x86.Build.0 = Debug|x86
		{0481FE67-0E86-4134-AF63-0D5981CFD96E}.Release|Any CPU.ActiveCfg = Release|Any CPU
		{0481FE67-0E86-4134-AF63-0D5981CFD96E}.Release|Any CPU.Build.0 = Release|Any CPU
		{0481FE67-0E86-4134-AF63-0D5981CFD96E}.Release|ARM.ActiveCfg = Release|ARM
		{0481FE67-0E86-4134-AF63-0D5981CFD96E}.Release|ARM.Build.0 = Release|ARM
		{0481FE67-0E86-4134-AF63-0D5981CFD96E}.Release|x64.ActiveCfg = Release|x64
		{0481FE67-0E86-4134-AF63-0D5981CFD96E}.Release|x64.Build.0 = Release|x64
		{0481FE67-0E86-4134-AF63-0D5981CFD96E}.Release|x86.ActiveCfg = Release|x86
		{0481FE67-0E86-4134-AF63-0D5981CFD96E}.Release|x86.Build.0 = Release|x86
		{BDFA0DF5-EC9F-4B5F-A6FF-6D34E81AE589}.Debug|Any CPU.ActiveCfg = Debug|Any CPU
		{BDFA0DF5-EC9F-4B5F-A6FF-6D34E81AE589}.Debug|Any CPU.Build.0 = Debug|Any CPU
		{BDFA0DF5-EC9F-4B5F-A6FF-6D34E81AE589}.Debug|ARM.ActiveCfg = Debug|Any CPU
		{BDFA0DF5-EC9F-4B5F-A6FF-6D34E81AE589}.Debug|ARM.Build.0 = Debug|Any CPU
		{BDFA0DF5-EC9F-4B5F-A6FF-6D34E81AE589}.Debug|x64.ActiveCfg = Debug|Any CPU
		{BDFA0DF5-EC9F-4B5F-A6FF-6D34E81AE589}.Debug|x64.Build.0 = Debug|Any CPU
		{BDFA0DF5-EC9F-4B5F-A6FF-6D34E81AE589}.Debug|x86.ActiveCfg = Debug|Any CPU
		{BDFA0DF5-EC9F-4B5F-A6FF-6D34E81AE589}.Debug|x86.Build.0 = Debug|Any CPU
		{BDFA0DF5-EC9F-4B5F-A6FF-6D34E81AE589}.Release|Any CPU.ActiveCfg = Release|Any CPU
		{BDFA0DF5-EC9F-4B5F-A6FF-6D34E81AE589}.Release|Any CPU.Build.0 = Release|Any CPU
		{BDFA0DF5-EC9F-4B5F-A6FF-6D34E81AE589}.Release|ARM.ActiveCfg = Release|Any CPU
		{BDFA0DF5-EC9F-4B5F-A6FF-6D34E81AE589}.Release|ARM.Build.0 = Release|Any CPU
		{BDFA0DF5-EC9F-4B5F-A6FF-6D34E81AE589}.Release|x64.ActiveCfg = Release|Any CPU
		{BDFA0DF5-EC9F-4B5F-A6FF-6D34E81AE589}.Release|x64.Build.0 = Release|Any CPU
		{BDFA0DF5-EC9F-4B5F-A6FF-6D34E81AE589}.Release|x86.ActiveCfg = Release|Any CPU
		{BDFA0DF5-EC9F-4B5F-A6FF-6D34E81AE589}.Release|x86.Build.0 = Release|Any CPU
		{75D0BA66-7713-42EA-AF95-EA40027C32FD}.Debug|Any CPU.ActiveCfg = Debug|Any CPU
		{75D0BA66-7713-42EA-AF95-EA40027C32FD}.Debug|Any CPU.Build.0 = Debug|Any CPU
		{75D0BA66-7713-42EA-AF95-EA40027C32FD}.Debug|Any CPU.Deploy.0 = Debug|Any CPU
		{75D0BA66-7713-42EA-AF95-EA40027C32FD}.Debug|ARM.ActiveCfg = Debug|Any CPU
		{75D0BA66-7713-42EA-AF95-EA40027C32FD}.Debug|ARM.Build.0 = Debug|Any CPU
		{75D0BA66-7713-42EA-AF95-EA40027C32FD}.Debug|ARM.Deploy.0 = Debug|Any CPU
		{75D0BA66-7713-42EA-AF95-EA40027C32FD}.Debug|x64.ActiveCfg = Debug|x64
		{75D0BA66-7713-42EA-AF95-EA40027C32FD}.Debug|x64.Build.0 = Debug|x64
		{75D0BA66-7713-42EA-AF95-EA40027C32FD}.Debug|x64.Deploy.0 = Debug|x64
		{75D0BA66-7713-42EA-AF95-EA40027C32FD}.Debug|x86.ActiveCfg = Debug|x86
		{75D0BA66-7713-42EA-AF95-EA40027C32FD}.Debug|x86.Build.0 = Debug|x86
		{75D0BA66-7713-42EA-AF95-EA40027C32FD}.Debug|x86.Deploy.0 = Debug|x86
		{75D0BA66-7713-42EA-AF95-EA40027C32FD}.Release|Any CPU.ActiveCfg = Release|Any CPU
		{75D0BA66-7713-42EA-AF95-EA40027C32FD}.Release|Any CPU.Build.0 = Release|Any CPU
		{75D0BA66-7713-42EA-AF95-EA40027C32FD}.Release|Any CPU.Deploy.0 = Release|Any CPU
		{75D0BA66-7713-42EA-AF95-EA40027C32FD}.Release|ARM.ActiveCfg = Release|Any CPU
		{75D0BA66-7713-42EA-AF95-EA40027C32FD}.Release|ARM.Build.0 = Release|Any CPU
		{75D0BA66-7713-42EA-AF95-EA40027C32FD}.Release|ARM.Deploy.0 = Release|Any CPU
		{75D0BA66-7713-42EA-AF95-EA40027C32FD}.Release|x64.ActiveCfg = Release|x64
		{75D0BA66-7713-42EA-AF95-EA40027C32FD}.Release|x64.Build.0 = Release|x64
		{75D0BA66-7713-42EA-AF95-EA40027C32FD}.Release|x64.Deploy.0 = Release|x64
		{75D0BA66-7713-42EA-AF95-EA40027C32FD}.Release|x86.ActiveCfg = Release|x86
		{75D0BA66-7713-42EA-AF95-EA40027C32FD}.Release|x86.Build.0 = Release|x86
		{75D0BA66-7713-42EA-AF95-EA40027C32FD}.Release|x86.Deploy.0 = Release|x86
	EndGlobalSection
	GlobalSection(SolutionProperties) = preSolution
		HideSolutionNode = FALSE
	EndGlobalSection
	GlobalSection(ExtensibilityGlobals) = postSolution
		SolutionGuid = {8A801E4D-0E1C-4028-AB27-B70EBDA3E5C4}
	EndGlobalSection
EndGlobal
